// !$*UTF8*$!
{
	archiveVersion = 1;
	classes = {
	};
	objectVersion = 50;
	objects = {

/* Begin PBXBuildFile section */
		988B0E7726BCE07400DD2303 /* AppDelegate.swift in Sources */ = {isa = PBXBuildFile; fileRef = 988B0E7626BCE07400DD2303 /* AppDelegate.swift */; };
		988B0E7926BCE07400DD2303 /* SceneDelegate.swift in Sources */ = {isa = PBXBuildFile; fileRef = 988B0E7826BCE07400DD2303 /* SceneDelegate.swift */; };
		988B0E7B26BCE07400DD2303 /* ViewController.swift in Sources */ = {isa = PBXBuildFile; fileRef = 988B0E7A26BCE07400DD2303 /* ViewController.swift */; };
		988B0E7E26BCE07400DD2303 /* Main.storyboard in Resources */ = {isa = PBXBuildFile; fileRef = 988B0E7C26BCE07400DD2303 /* Main.storyboard */; };
		988B0E8026BCE07600DD2303 /* Assets.xcassets in Resources */ = {isa = PBXBuildFile; fileRef = 988B0E7F26BCE07600DD2303 /* Assets.xcassets */; };
		988B0E8326BCE07600DD2303 /* LaunchScreen.storyboard in Resources */ = {isa = PBXBuildFile; fileRef = 988B0E8126BCE07600DD2303 /* LaunchScreen.storyboard */; };
		988B0E8E26BCE07600DD2303 /* PreWorkTests.swift in Sources */ = {isa = PBXBuildFile; fileRef = 988B0E8D26BCE07600DD2303 /* PreWorkTests.swift */; };
		988B0E9926BCE07700DD2303 /* PreWorkUITests.swift in Sources */ = {isa = PBXBuildFile; fileRef = 988B0E9826BCE07700DD2303 /* PreWorkUITests.swift */; };
		988B0EB026BD9A0000DD2303 /* Tippy.png in Resources */ = {isa = PBXBuildFile; fileRef = 988B0EAF26BD9A0000DD2303 /* Tippy.png */; };
		988B0EB226BE3D1400DD2303 /* SettingsViewController.swift in Sources */ = {isa = PBXBuildFile; fileRef = 988B0EB126BE3D1400DD2303 /* SettingsViewController.swift */; };
/* End PBXBuildFile section */

/* Begin PBXContainerItemProxy section */
		988B0E8A26BCE07600DD2303 /* PBXContainerItemProxy */ = {
			isa = PBXContainerItemProxy;
			containerPortal = 988B0E6B26BCE07400DD2303 /* Project object */;
			proxyType = 1;
			remoteGlobalIDString = 988B0E7226BCE07400DD2303;
			remoteInfo = PreWork;
		};
		988B0E9526BCE07600DD2303 /* PBXContainerItemProxy */ = {
			isa = PBXContainerItemProxy;
			containerPortal = 988B0E6B26BCE07400DD2303 /* Project object */;
			proxyType = 1;
			remoteGlobalIDString = 988B0E7226BCE07400DD2303;
			remoteInfo = PreWork;
		};
/* End PBXContainerItemProxy section */

/* Begin PBXFileReference section */
		988B0E7326BCE07400DD2303 /* PreWork.app */ = {isa = PBXFileReference; explicitFileType = wrapper.application; includeInIndex = 0; path = PreWork.app; sourceTree = BUILT_PRODUCTS_DIR; };
		988B0E7626BCE07400DD2303 /* AppDelegate.swift */ = {isa = PBXFileReference; lastKnownFileType = sourcecode.swift; path = AppDelegate.swift; sourceTree = "<group>"; };
		988B0E7826BCE07400DD2303 /* SceneDelegate.swift */ = {isa = PBXFileReference; lastKnownFileType = sourcecode.swift; path = SceneDelegate.swift; sourceTree = "<group>"; };
		988B0E7A26BCE07400DD2303 /* ViewController.swift */ = {isa = PBXFileReference; lastKnownFileType = sourcecode.swift; path = ViewController.swift; sourceTree = "<group>"; };
		988B0E7D26BCE07400DD2303 /* Base */ = {isa = PBXFileReference; lastKnownFileType = file.storyboard; name = Base; path = Base.lproj/Main.storyboard; sourceTree = "<group>"; };
		988B0E7F26BCE07600DD2303 /* Assets.xcassets */ = {isa = PBXFileReference; lastKnownFileType = folder.assetcatalog; path = Assets.xcassets; sourceTree = "<group>"; };
		988B0E8226BCE07600DD2303 /* Base */ = {isa = PBXFileReference; lastKnownFileType = file.storyboard; name = Base; path = Base.lproj/LaunchScreen.storyboard; sourceTree = "<group>"; };
		988B0E8426BCE07600DD2303 /* Info.plist */ = {isa = PBXFileReference; lastKnownFileType = text.plist.xml; path = Info.plist; sourceTree = "<group>"; };
		988B0E8926BCE07600DD2303 /* PreWorkTests.xctest */ = {isa = PBXFileReference; explicitFileType = wrapper.cfbundle; includeInIndex = 0; path = PreWorkTests.xctest; sourceTree = BUILT_PRODUCTS_DIR; };
		988B0E8D26BCE07600DD2303 /* PreWorkTests.swift */ = {isa = PBXFileReference; lastKnownFileType = sourcecode.swift; path = PreWorkTests.swift; sourceTree = "<group>"; };
		988B0E8F26BCE07600DD2303 /* Info.plist */ = {isa = PBXFileReference; lastKnownFileType = text.plist.xml; path = Info.plist; sourceTree = "<group>"; };
		988B0E9426BCE07600DD2303 /* PreWorkUITests.xctest */ = {isa = PBXFileReference; explicitFileType = wrapper.cfbundle; includeInIndex = 0; path = PreWorkUITests.xctest; sourceTree = BUILT_PRODUCTS_DIR; };
		988B0E9826BCE07700DD2303 /* PreWorkUITests.swift */ = {isa = PBXFileReference; lastKnownFileType = sourcecode.swift; path = PreWorkUITests.swift; sourceTree = "<group>"; };
		988B0E9A26BCE07700DD2303 /* Info.plist */ = {isa = PBXFileReference; lastKnownFileType = text.plist.xml; path = Info.plist; sourceTree = "<group>"; };
		988B0EAD26BD32A100DD2303 /* Tippy.png */ = {isa = PBXFileReference; lastKnownFileType = image.png; path = Tippy.png; sourceTree = "<group>"; };
		988B0EAF26BD9A0000DD2303 /* Tippy.png */ = {isa = PBXFileReference; lastKnownFileType = image.png; path = Tippy.png; sourceTree = "<group>"; };
		988B0EB126BE3D1400DD2303 /* SettingsViewController.swift */ = {isa = PBXFileReference; lastKnownFileType = sourcecode.swift; path = SettingsViewController.swift; sourceTree = "<group>"; };
/* End PBXFileReference section */

/* Begin PBXFrameworksBuildPhase section */
		988B0E7026BCE07400DD2303 /* Frameworks */ = {
			isa = PBXFrameworksBuildPhase;
			buildActionMask = 2147483647;
			files = (
			);
			runOnlyForDeploymentPostprocessing = 0;
		};
		988B0E8626BCE07600DD2303 /* Frameworks */ = {
			isa = PBXFrameworksBuildPhase;
			buildActionMask = 2147483647;
			files = (
			);
			runOnlyForDeploymentPostprocessing = 0;
		};
		988B0E9126BCE07600DD2303 /* Frameworks */ = {
			isa = PBXFrameworksBuildPhase;
			buildActionMask = 2147483647;
			files = (
			);
			runOnlyForDeploymentPostprocessing = 0;
		};
/* End PBXFrameworksBuildPhase section */

/* Begin PBXGroup section */
		988B0E6A26BCE07400DD2303 = {
			isa = PBXGroup;
			children = (
				988B0EAD26BD32A100DD2303 /* Tippy.png */,
				988B0EA626BD2EA700DD2303 /* logo */,
				988B0E7526BCE07400DD2303 /* PreWork */,
				988B0E8C26BCE07600DD2303 /* PreWorkTests */,
				988B0E9726BCE07700DD2303 /* PreWorkUITests */,
				988B0E7426BCE07400DD2303 /* Products */,
			);
			sourceTree = "<group>";
		};
		988B0E7426BCE07400DD2303 /* Products */ = {
			isa = PBXGroup;
			children = (
				988B0E7326BCE07400DD2303 /* PreWork.app */,
				988B0E8926BCE07600DD2303 /* PreWorkTests.xctest */,
				988B0E9426BCE07600DD2303 /* PreWorkUITests.xctest */,
			);
			name = Products;
			sourceTree = "<group>";
		};
		988B0E7526BCE07400DD2303 /* PreWork */ = {
			isa = PBXGroup;
			children = (
				988B0E7626BCE07400DD2303 /* AppDelegate.swift */,
				988B0E7826BCE07400DD2303 /* SceneDelegate.swift */,
				988B0E7A26BCE07400DD2303 /* ViewController.swift */,
				988B0E7C26BCE07400DD2303 /* Main.storyboard */,
				988B0EB126BE3D1400DD2303 /* SettingsViewController.swift */,
				988B0E7F26BCE07600DD2303 /* Assets.xcassets */,
				988B0E8126BCE07600DD2303 /* LaunchScreen.storyboard */,
				988B0E8426BCE07600DD2303 /* Info.plist */,
			);
			path = PreWork;
			sourceTree = "<group>";
		};
		988B0E8C26BCE07600DD2303 /* PreWorkTests */ = {
			isa = PBXGroup;
			children = (
				988B0E8D26BCE07600DD2303 /* PreWorkTests.swift */,
				988B0E8F26BCE07600DD2303 /* Info.plist */,
			);
			path = PreWorkTests;
			sourceTree = "<group>";
		};
		988B0E9726BCE07700DD2303 /* PreWorkUITests */ = {
			isa = PBXGroup;
			children = (
				988B0E9826BCE07700DD2303 /* PreWorkUITests.swift */,
				988B0E9A26BCE07700DD2303 /* Info.plist */,
				988B0EAF26BD9A0000DD2303 /* Tippy.png */,
			);
			path = PreWorkUITests;
			sourceTree = "<group>";
		};
		988B0EA626BD2EA700DD2303 /* logo */ = {
			isa = PBXGroup;
			children = (
			);
			path = logo;
			sourceTree = "<group>";
		};
/* End PBXGroup section */

/* Begin PBXNativeTarget section */
		988B0E7226BCE07400DD2303 /* PreWork */ = {
			isa = PBXNativeTarget;
			buildConfigurationList = 988B0E9D26BCE07700DD2303 /* Build configuration list for PBXNativeTarget "PreWork" */;
			buildPhases = (
				988B0E6F26BCE07400DD2303 /* Sources */,
				988B0E7026BCE07400DD2303 /* Frameworks */,
				988B0E7126BCE07400DD2303 /* Resources */,
			);
			buildRules = (
			);
			dependencies = (
			);
			name = PreWork;
			productName = PreWork;
			productReference = 988B0E7326BCE07400DD2303 /* PreWork.app */;
			productType = "com.apple.product-type.application";
		};
		988B0E8826BCE07600DD2303 /* PreWorkTests */ = {
			isa = PBXNativeTarget;
			buildConfigurationList = 988B0EA026BCE07700DD2303 /* Build configuration list for PBXNativeTarget "PreWorkTests" */;
			buildPhases = (
				988B0E8526BCE07600DD2303 /* Sources */,
				988B0E8626BCE07600DD2303 /* Frameworks */,
				988B0E8726BCE07600DD2303 /* Resources */,
			);
			buildRules = (
			);
			dependencies = (
				988B0E8B26BCE07600DD2303 /* PBXTargetDependency */,
			);
			name = PreWorkTests;
			productName = PreWorkTests;
			productReference = 988B0E8926BCE07600DD2303 /* PreWorkTests.xctest */;
			productType = "com.apple.product-type.bundle.unit-test";
		};
		988B0E9326BCE07600DD2303 /* PreWorkUITests */ = {
			isa = PBXNativeTarget;
			buildConfigurationList = 988B0EA326BCE07700DD2303 /* Build configuration list for PBXNativeTarget "PreWorkUITests" */;
			buildPhases = (
				988B0E9026BCE07600DD2303 /* Sources */,
				988B0E9126BCE07600DD2303 /* Frameworks */,
				988B0E9226BCE07600DD2303 /* Resources */,
			);
			buildRules = (
			);
			dependencies = (
				988B0E9626BCE07600DD2303 /* PBXTargetDependency */,
			);
			name = PreWorkUITests;
			productName = PreWorkUITests;
			productReference = 988B0E9426BCE07600DD2303 /* PreWorkUITests.xctest */;
			productType = "com.apple.product-type.bundle.ui-testing";
		};
/* End PBXNativeTarget section */

/* Begin PBXProject section */
		988B0E6B26BCE07400DD2303 /* Project object */ = {
			isa = PBXProject;
			attributes = {
				LastSwiftUpdateCheck = 1250;
				LastUpgradeCheck = 1250;
				TargetAttributes = {
					988B0E7226BCE07400DD2303 = {
						CreatedOnToolsVersion = 12.5.1;
					};
					988B0E8826BCE07600DD2303 = {
						CreatedOnToolsVersion = 12.5.1;
						TestTargetID = 988B0E7226BCE07400DD2303;
					};
					988B0E9326BCE07600DD2303 = {
						CreatedOnToolsVersion = 12.5.1;
						TestTargetID = 988B0E7226BCE07400DD2303;
					};
				};
			};
			buildConfigurationList = 988B0E6E26BCE07400DD2303 /* Build configuration list for PBXProject "PreWork" */;
			compatibilityVersion = "Xcode 9.3";
			developmentRegion = en;
			hasScannedForEncodings = 0;
			knownRegions = (
				en,
				Base,
			);
			mainGroup = 988B0E6A26BCE07400DD2303;
			productRefGroup = 988B0E7426BCE07400DD2303 /* Products */;
			projectDirPath = "";
			projectRoot = "";
			targets = (
				988B0E7226BCE07400DD2303 /* PreWork */,
				988B0E8826BCE07600DD2303 /* PreWorkTests */,
				988B0E9326BCE07600DD2303 /* PreWorkUITests */,
			);
		};
/* End PBXProject section */

/* Begin PBXResourcesBuildPhase section */
		988B0E7126BCE07400DD2303 /* Resources */ = {
			isa = PBXResourcesBuildPhase;
			buildActionMask = 2147483647;
			files = (
				988B0E8326BCE07600DD2303 /* LaunchScreen.storyboard in Resources */,
				988B0E8026BCE07600DD2303 /* Assets.xcassets in Resources */,
				988B0E7E26BCE07400DD2303 /* Main.storyboard in Resources */,
			);
			runOnlyForDeploymentPostprocessing = 0;
		};
		988B0E8726BCE07600DD2303 /* Resources */ = {
			isa = PBXResourcesBuildPhase;
			buildActionMask = 2147483647;
			files = (
			);
			runOnlyForDeploymentPostprocessing = 0;
		};
		988B0E9226BCE07600DD2303 /* Resources */ = {
			isa = PBXResourcesBuildPhase;
			buildActionMask = 2147483647;
			files = (
				988B0EB026BD9A0000DD2303 /* Tippy.png in Resources */,
			);
			runOnlyForDeploymentPostprocessing = 0;
		};
/* End PBXResourcesBuildPhase section */

/* Begin PBXSourcesBuildPhase section */
		988B0E6F26BCE07400DD2303 /* Sources */ = {
			isa = PBXSourcesBuildPhase;
			buildActionMask = 2147483647;
			files = (
				988B0E7B26BCE07400DD2303 /* ViewController.swift in Sources */,
				988B0E7726BCE07400DD2303 /* AppDelegate.swift in Sources */,
				988B0E7926BCE07400DD2303 /* SceneDelegate.swift in Sources */,
				988B0EB226BE3D1400DD2303 /* SettingsViewController.swift in Sources */,
			);
			runOnlyForDeploymentPostprocessing = 0;
		};
		988B0E8526BCE07600DD2303 /* Sources */ = {
			isa = PBXSourcesBuildPhase;
			buildActionMask = 2147483647;
			files = (
				988B0E8E26BCE07600DD2303 /* PreWorkTests.swift in Sources */,
			);
			runOnlyForDeploymentPostprocessing = 0;
		};
		988B0E9026BCE07600DD2303 /* Sources */ = {
			isa = PBXSourcesBuildPhase;
			buildActionMask = 2147483647;
			files = (
				988B0E9926BCE07700DD2303 /* PreWorkUITests.swift in Sources */,
			);
			runOnlyForDeploymentPostprocessing = 0;
		};
/* End PBXSourcesBuildPhase section */

/* Begin PBXTargetDependency section */
		988B0E8B26BCE07600DD2303 /* PBXTargetDependency */ = {
			isa = PBXTargetDependency;
			target = 988B0E7226BCE07400DD2303 /* PreWork */;
			targetProxy = 988B0E8A26BCE07600DD2303 /* PBXContainerItemProxy */;
		};
		988B0E9626BCE07600DD2303 /* PBXTargetDependency */ = {
			isa = PBXTargetDependency;
			target = 988B0E7226BCE07400DD2303 /* PreWork */;
			targetProxy = 988B0E9526BCE07600DD2303 /* PBXContainerItemProxy */;
		};
/* End PBXTargetDependency section */

/* Begin PBXVariantGroup section */
		988B0E7C26BCE07400DD2303 /* Main.storyboard */ = {
			isa = PBXVariantGroup;
			children = (
				988B0E7D26BCE07400DD2303 /* Base */,
			);
			name = Main.storyboard;
			sourceTree = "<group>";
		};
		988B0E8126BCE07600DD2303 /* LaunchScreen.storyboard */ = {
			isa = PBXVariantGroup;
			children = (
				988B0E8226BCE07600DD2303 /* Base */,
			);
			name = LaunchScreen.storyboard;
			sourceTree = "<group>";
		};
/* End PBXVariantGroup section */

/* Begin XCBuildConfiguration section */
		988B0E9B26BCE07700DD2303 /* Debug */ = {
			isa = XCBuildConfiguration;
			buildSettings = {
				ALWAYS_SEARCH_USER_PATHS = NO;
				CLANG_ANALYZER_NONNULL = YES;
				CLANG_ANALYZER_NUMBER_OBJECT_CONVERSION = YES_AGGRESSIVE;
				CLANG_CXX_LANGUAGE_STANDARD = "gnu++14";
				CLANG_CXX_LIBRARY = "libc++";
				CLANG_ENABLE_MODULES = YES;
				CLANG_ENABLE_OBJC_ARC = YES;
				CLANG_ENABLE_OBJC_WEAK = YES;
				CLANG_WARN_BLOCK_CAPTURE_AUTORELEASING = YES;
				CLANG_WARN_BOOL_CONVERSION = YES;
				CLANG_WARN_COMMA = YES;
				CLANG_WARN_CONSTANT_CONVERSION = YES;
				CLANG_WARN_DEPRECATED_OBJC_IMPLEMENTATIONS = YES;
				CLANG_WARN_DIRECT_OBJC_ISA_USAGE = YES_ERROR;
				CLANG_WARN_DOCUMENTATION_COMMENTS = YES;
				CLANG_WARN_EMPTY_BODY = YES;
				CLANG_WARN_ENUM_CONVERSION = YES;
				CLANG_WARN_INFINITE_RECURSION = YES;
				CLANG_WARN_INT_CONVERSION = YES;
				CLANG_WARN_NON_LITERAL_NULL_CONVERSION = YES;
				CLANG_WARN_OBJC_IMPLICIT_RETAIN_SELF = YES;
				CLANG_WARN_OBJC_LITERAL_CONVERSION = YES;
				CLANG_WARN_OBJC_ROOT_CLASS = YES_ERROR;
				CLANG_WARN_QUOTED_INCLUDE_IN_FRAMEWORK_HEADER = YES;
				CLANG_WARN_RANGE_LOOP_ANALYSIS = YES;
				CLANG_WARN_STRICT_PROTOTYPES = YES;
				CLANG_WARN_SUSPICIOUS_MOVE = YES;
				CLANG_WARN_UNGUARDED_AVAILABILITY = YES_AGGRESSIVE;
				CLANG_WARN_UNREACHABLE_CODE = YES;
				CLANG_WARN__DUPLICATE_METHOD_MATCH = YES;
				COPY_PHASE_STRIP = NO;
				DEBUG_INFORMATION_FORMAT = dwarf;
				ENABLE_STRICT_OBJC_MSGSEND = YES;
				ENABLE_TESTABILITY = YES;
				GCC_C_LANGUAGE_STANDARD = gnu11;
				GCC_DYNAMIC_NO_PIC = NO;
				GCC_NO_COMMON_BLOCKS = YES;
				GCC_OPTIMIZATION_LEVEL = 0;
				GCC_PREPROCESSOR_DEFINITIONS = (
					"DEBUG=1",
					"$(inherited)",
				);
				GCC_WARN_64_TO_32_BIT_CONVERSION = YES;
				GCC_WARN_ABOUT_RETURN_TYPE = YES_ERROR;
				GCC_WARN_UNDECLARED_SELECTOR = YES;
				GCC_WARN_UNINITIALIZED_AUTOS = YES_AGGRESSIVE;
				GCC_WARN_UNUSED_FUNCTION = YES;
				GCC_WARN_UNUSED_VARIABLE = YES;
				IPHONEOS_DEPLOYMENT_TARGET = 14.5;
				MTL_ENABLE_DEBUG_INFO = INCLUDE_SOURCE;
				MTL_FAST_MATH = YES;
				ONLY_ACTIVE_ARCH = YES;
				SDKROOT = iphoneos;
				SWIFT_ACTIVE_COMPILATION_CONDITIONS = DEBUG;
				SWIFT_OPTIMIZATION_LEVEL = "-Onone";
			};
			name = Debug;
		};
		988B0E9C26BCE07700DD2303 /* Release */ = {
			isa = XCBuildConfiguration;
			buildSettings = {
				ALWAYS_SEARCH_USER_PATHS = NO;
				CLANG_ANALYZER_NONNULL = YES;
				CLANG_ANALYZER_NUMBER_OBJECT_CONVERSION = YES_AGGRESSIVE;
				CLANG_CXX_LANGUAGE_STANDARD = "gnu++14";
				CLANG_CXX_LIBRARY = "libc++";
				CLANG_ENABLE_MODULES = YES;
				CLANG_ENABLE_OBJC_ARC = YES;
				CLANG_ENABLE_OBJC_WEAK = YES;
				CLANG_WARN_BLOCK_CAPTURE_AUTORELEASING = YES;
				CLANG_WARN_BOOL_CONVERSION = YES;
				CLANG_WARN_COMMA = YES;
				CLANG_WARN_CONSTANT_CONVERSION = YES;
				CLANG_WARN_DEPRECATED_OBJC_IMPLEMENTATIONS = YES;
				CLANG_WARN_DIRECT_OBJC_ISA_USAGE = YES_ERROR;
				CLANG_WARN_DOCUMENTATION_COMMENTS = YES;
				CLANG_WARN_EMPTY_BODY = YES;
				CLANG_WARN_ENUM_CONVERSION = YES;
				CLANG_WARN_INFINITE_RECURSION = YES;
				CLANG_WARN_INT_CONVERSION = YES;
				CLANG_WARN_NON_LITERAL_NULL_CONVERSION = YES;
				CLANG_WARN_OBJC_IMPLICIT_RETAIN_SELF = YES;
				CLANG_WARN_OBJC_LITERAL_CONVERSION = YES;
				CLANG_WARN_OBJC_ROOT_CLASS = YES_ERROR;
				CLANG_WARN_QUOTED_INCLUDE_IN_FRAMEWORK_HEADER = YES;
				CLANG_WARN_RANGE_LOOP_ANALYSIS = YES;
				CLANG_WARN_STRICT_PROTOTYPES = YES;
				CLANG_WARN_SUSPICIOUS_MOVE = YES;
				CLANG_WARN_UNGUARDED_AVAILABILITY = YES_AGGRESSIVE;
				CLANG_WARN_UNREACHABLE_CODE = YES;
				CLANG_WARN__DUPLICATE_METHOD_MATCH = YES;
				COPY_PHASE_STRIP = NO;
				DEBUG_INFORMATION_FORMAT = "dwarf-with-dsym";
				ENABLE_NS_ASSERTIONS = NO;
				ENABLE_STRICT_OBJC_MSGSEND = YES;
				GCC_C_LANGUAGE_STANDARD = gnu11;
				GCC_NO_COMMON_BLOCKS = YES;
				GCC_WARN_64_TO_32_BIT_CONVERSION = YES;
				GCC_WARN_ABOUT_RETURN_TYPE = YES_ERROR;
				GCC_WARN_UNDECLARED_SELECTOR = YES;
				GCC_WARN_UNINITIALIZED_AUTOS = YES_AGGRESSIVE;
				GCC_WARN_UNUSED_FUNCTION = YES;
				GCC_WARN_UNUSED_VARIABLE = YES;
				IPHONEOS_DEPLOYMENT_TARGET = 14.5;
				MTL_ENABLE_DEBUG_INFO = NO;
				MTL_FAST_MATH = YES;
				SDKROOT = iphoneos;
				SWIFT_COMPILATION_MODE = wholemodule;
				SWIFT_OPTIMIZATION_LEVEL = "-O";
				VALIDATE_PRODUCT = YES;
			};
			name = Release;
		};
		988B0E9E26BCE07700DD2303 /* Debug */ = {
			isa = XCBuildConfiguration;
			buildSettings = {
				ASSETCATALOG_COMPILER_APPICON_NAME = AppIcon;
				ASSETCATALOG_COMPILER_GLOBAL_ACCENT_COLOR_NAME = AccentColor;
				CODE_SIGN_STYLE = Automatic;
				INFOPLIST_FILE = PreWork/Info.plist;
				LD_RUNPATH_SEARCH_PATHS = (
					"$(inherited)",
					"@executable_path/Frameworks",
				);
				PRODUCT_BUNDLE_IDENTIFIER = Tiffany.PreWork;
				PRODUCT_NAME = "$(TARGET_NAME)";
				SWIFT_VERSION = 5.0;
				TARGETED_DEVICE_FAMILY = "1,2";
			};
			name = Debug;
		};
		988B0E9F26BCE07700DD2303 /* Release */ = {
			isa = XCBuildConfiguration;
			buildSettings = {
				ASSETCATALOG_COMPILER_APPICON_NAME = AppIcon;
				ASSETCATALOG_COMPILER_GLOBAL_ACCENT_COLOR_NAME = AccentColor;
				CODE_SIGN_STYLE = Automatic;
				INFOPLIST_FILE = PreWork/Info.plist;
				LD_RUNPATH_SEARCH_PATHS = (
					"$(inherited)",
					"@executable_path/Frameworks",
				);
				PRODUCT_BUNDLE_IDENTIFIER = Tiffany.PreWork;
				PRODUCT_NAME = "$(TARGET_NAME)";
				SWIFT_VERSION = 5.0;
				TARGETED_DEVICE_FAMILY = "1,2";
			};
			name = Release;
		};
		988B0EA126BCE07700DD2303 /* Debug */ = {
			isa = XCBuildConfiguration;
			buildSettings = {
				ALWAYS_EMBED_SWIFT_STANDARD_LIBRARIES = YES;
				BUNDLE_LOADER = "$(TEST_HOST)";
				CODE_SIGN_STYLE = Automatic;
				INFOPLIST_FILE = PreWorkTests/Info.plist;
				IPHONEOS_DEPLOYMENT_TARGET = 14.5;
				LD_RUNPATH_SEARCH_PATHS = (
					"$(inherited)",
					"@executable_path/Frameworks",
					"@loader_path/Frameworks",
				);
				PRODUCT_BUNDLE_IDENTIFIER = Tiffany.PreWorkTests;
				PRODUCT_NAME = "$(TARGET_NAME)";
				SWIFT_VERSION = 5.0;
				TARGETED_DEVICE_FAMILY = "1,2";
				TEST_HOST = "$(BUILT_PRODUCTS_DIR)/PreWork.app/PreWork";
			};
			name = Debug;
		};
		988B0EA226BCE07700DD2303 /* Release */ = {
			isa = XCBuildConfiguration;
			buildSettings = {
				ALWAYS_EMBED_SWIFT_STANDARD_LIBRARIES = YES;
				BUNDLE_LOADER = "$(TEST_HOST)";
				CODE_SIGN_STYLE = Automatic;
				INFOPLIST_FILE = PreWorkTests/Info.plist;
				IPHONEOS_DEPLOYMENT_TARGET = 14.5;
				LD_RUNPATH_SEARCH_PATHS = (
					"$(inherited)",
					"@executable_path/Frameworks",
					"@loader_path/Frameworks",
				);
				PRODUCT_BUNDLE_IDENTIFIER = Tiffany.PreWorkTests;
				PRODUCT_NAME = "$(TARGET_NAME)";
				SWIFT_VERSION = 5.0;
				TARGETED_DEVICE_FAMILY = "1,2";
				TEST_HOST = "$(BUILT_PRODUCTS_DIR)/PreWork.app/PreWork";
			};
			name = Release;
		};
		988B0EA426BCE07700DD2303 /* Debug */ = {
			isa = XCBuildConfiguration;
			buildSettings = {
				ALWAYS_EMBED_SWIFT_STANDARD_LIBRARIES = YES;
				CODE_SIGN_STYLE = Automatic;
				INFOPLIST_FILE = PreWorkUITests/Info.plist;
				LD_RUNPATH_SEARCH_PATHS = (
					"$(inherited)",
					"@executable_path/Frameworks",
					"@loader_path/Frameworks",
				);
				PRODUCT_BUNDLE_IDENTIFIER = Tiffany.PreWorkUITests;
				PRODUCT_NAME = "$(TARGET_NAME)";
				SWIFT_VERSION = 5.0;
				TARGETED_DEVICE_FAMILY = "1,2";
				TEST_TARGET_NAME = PreWork;
			};
			name = Debug;
		};
		988B0EA526BCE07700DD2303 /* Release */ = {
			isa = XCBuildConfiguration;
			buildSettings = {
				ALWAYS_EMBED_SWIFT_STANDARD_LIBRARIES = YES;
				CODE_SIGN_STYLE = Automatic;
				INFOPLIST_FILE = PreWorkUITests/Info.plist;
				LD_RUNPATH_SEARCH_PATHS = (
					"$(inherited)",
					"@executable_path/Frameworks",
					"@loader_path/Frameworks",
				);
				PRODUCT_BUNDLE_IDENTIFIER = Tiffany.PreWorkUITests;
				PRODUCT_NAME = "$(TARGET_NAME)";
				SWIFT_VERSION = 5.0;
				TARGETED_DEVICE_FAMILY = "1,2";
				TEST_TARGET_NAME = PreWork;
			};
			name = Release;
		};
/* End XCBuildConfiguration section */

/* Begin XCConfigurationList section */
		988B0E6E26BCE07400DD2303 /* Build configuration list for PBXProject "PreWork" */ = {
			isa = XCConfigurationList;
			buildConfigurations = (
				988B0E9B26BCE07700DD2303 /* Debug */,
				988B0E9C26BCE07700DD2303 /* Release */,
			);
			defaultConfigurationIsVisible = 0;
			defaultConfigurationName = Release;
		};
		988B0E9D26BCE07700DD2303 /* Build configuration list for PBXNativeTarget "PreWork" */ = {
			isa = XCConfigurationList;
			buildConfigurations = (
				988B0E9E26BCE07700DD2303 /* Debug */,
				988B0E9F26BCE07700DD2303 /* Release */,
			);
			defaultConfigurationIsVisible = 0;
			defaultConfigurationName = Release;
		};
		988B0EA026BCE07700DD2303 /* Build configuration list for PBXNativeTarget "PreWorkTests" */ = {
			isa = XCConfigurationList;
			buildConfigurations = (
				988B0EA126BCE07700DD2303 /* Debug */,
				988B0EA226BCE07700DD2303 /* Release */,
			);
			defaultConfigurationIsVisible = 0;
			defaultConfigurationName = Release;
		};
		988B0EA326BCE07700DD2303 /* Build configuration list for PBXNativeTarget "PreWorkUITests" */ = {
			isa = XCConfigurationList;
			buildConfigurations = (
				988B0EA426BCE07700DD2303 /* Debug */,
				988B0EA526BCE07700DD2303 /* Release */,
			);
			defaultConfigurationIsVisible = 0;
			defaultConfigurationName = Release;
		};
/* End XCConfigurationList section */
	};
	rootObject = 988B0E6B26BCE07400DD2303 /* Project object */;
}
